{
  "originHash" : "0f392ff35bfa38f0b2ae991fc79ce80ac6c991ad7f24677d3fac2ca5d078713a",
  "pins" : [
    {
      "identity" : "swift-toml",
      "kind" : "remoteSourceControl",
      "location" : "https://github.com/mattt/swift-toml.git",
      "state" : {
        "revision" : "827506c90475e82d5a7f191f950fb3025cbdc0d6",
        "version" : "2.0.0"
      }
    }
  ],
  "version" : 3
}
